// !$*UTF8*$!
{
	archiveVersion = 1;
	classes = {
	};
	objectVersion = 46;
	objects = {

/* Begin PBXBuildFile section */
		818AEED61C7D3A370027BE00 /* AppDelegate.swift in Sources */ = {isa = PBXBuildFile; fileRef = 818AEED51C7D3A370027BE00 /* AppDelegate.swift */; };
		818AEED81C7D3A370027BE00 /* ViewController.swift in Sources */ = {isa = PBXBuildFile; fileRef = 818AEED71C7D3A370027BE00 /* ViewController.swift */; };
		818AEEDB1C7D3A370027BE00 /* Main.storyboard in Resources */ = {isa = PBXBuildFile; fileRef = 818AEED91C7D3A370027BE00 /* Main.storyboard */; };
		818AEEDE1C7D3A370027BE00 /* vector.xcdatamodeld in Sources */ = {isa = PBXBuildFile; fileRef = 818AEEDC1C7D3A370027BE00 /* vector.xcdatamodeld */; };
		818AEEE01C7D3A370027BE00 /* Assets.xcassets in Resources */ = {isa = PBXBuildFile; fileRef = 818AEEDF1C7D3A370027BE00 /* Assets.xcassets */; };
		818AEEE31C7D3A370027BE00 /* LaunchScreen.storyboard in Resources */ = {isa = PBXBuildFile; fileRef = 818AEEE11C7D3A370027BE00 /* LaunchScreen.storyboard */; };
/* End PBXBuildFile section */

/* Begin PBXFileReference section */
		818AEED21C7D3A370027BE00 /* vector.app */ = {isa = PBXFileReference; explicitFileType = wrapper.application; includeInIndex = 0; path = vector.app; sourceTree = BUILT_PRODUCTS_DIR; };
		818AEED51C7D3A370027BE00 /* AppDelegate.swift */ = {isa = PBXFileReference; lastKnownFileType = sourcecode.swift; path = AppDelegate.swift; sourceTree = "<group>"; };
		818AEED71C7D3A370027BE00 /* ViewController.swift */ = {isa = PBXFileReference; lastKnownFileType = sourcecode.swift; path = ViewController.swift; sourceTree = "<group>"; };
		818AEEDA1C7D3A370027BE00 /* Base */ = {isa = PBXFileReference; lastKnownFileType = file.storyboard; name = Base; path = Base.lproj/Main.storyboard; sourceTree = "<group>"; };
		818AEEDD1C7D3A370027BE00 /* vector.xcdatamodel */ = {isa = PBXFileReference; lastKnownFileType = wrapper.xcdatamodel; path = vector.xcdatamodel; sourceTree = "<group>"; };
		818AEEDF1C7D3A370027BE00 /* Assets.xcassets */ = {isa = PBXFileReference; lastKnownFileType = folder.assetcatalog; path = Assets.xcassets; sourceTree = "<group>"; };
		818AEEE21C7D3A370027BE00 /* Base */ = {isa = PBXFileReference; lastKnownFileType = file.storyboard; name = Base; path = Base.lproj/LaunchScreen.storyboard; sourceTree = "<group>"; };
		818AEEE41C7D3A370027BE00 /* Info.plist */ = {isa = PBXFileReference; lastKnownFileType = text.plist.xml; path = Info.plist; sourceTree = "<group>"; };
/* End PBXFileReference section */

/* Begin PBXFrameworksBuildPhase section */
		818AEECF1C7D3A370027BE00 /* Frameworks */ = {
			isa = PBXFrameworksBuildPhase;
			buildActionMask = 2147483647;
			files = (
			);
			runOnlyForDeploymentPostprocessing = 0;
		};
/* End PBXFrameworksBuildPhase section */

/* Begin PBXGroup section */
		818AEEC91C7D3A370027BE00 = {
			isa = PBXGroup;
			children = (
				818AEED41C7D3A370027BE00 /* vector */,
				818AEED31C7D3A370027BE00 /* Products */,
			);
			sourceTree = "<group>";
		};
		818AEED31C7D3A370027BE00 /* Products */ = {
			isa = PBXGroup;
			children = (
				818AEED21C7D3A370027BE00 /* vector.app */,
			);
			name = Products;
			sourceTree = "<group>";
		};
		818AEED41C7D3A370027BE00 /* vector */ = {
			isa = PBXGroup;
			children = (
				818AEED51C7D3A370027BE00 /* AppDelegate.swift */,
				818AEED71C7D3A370027BE00 /* ViewController.swift */,
				818AEED91C7D3A370027BE00 /* Main.storyboard */,
				818AEEDF1C7D3A370027BE00 /* Assets.xcassets */,
				818AEEE11C7D3A370027BE00 /* LaunchScreen.storyboard */,
				818AEEE41C7D3A370027BE00 /* Info.plist */,
				818AEEDC1C7D3A370027BE00 /* vector.xcdatamodeld */,
			);
			path = vector;
			sourceTree = "<group>";
		};
/* End PBXGroup section */

/* Begin PBXNativeTarget section */
		818AEED11C7D3A370027BE00 /* vector */ = {
			isa = PBXNativeTarget;
			buildConfigurationList = 818AEEE71C7D3A370027BE00 /* Build configuration list for PBXNativeTarget "vector" */;
			buildPhases = (
				818AEECE1C7D3A370027BE00 /* Sources */,
				818AEECF1C7D3A370027BE00 /* Frameworks */,
				818AEED01C7D3A370027BE00 /* Resources */,
			);
			buildRules = (
			);
			dependencies = (
			);
			name = vector;
			productName = vector;
			productReference = 818AEED21C7D3A370027BE00 /* vector.app */;
			productType = "com.apple.product-type.application";
		};
/* End PBXNativeTarget section */

/* Begin PBXProject section */
		818AEECA1C7D3A370027BE00 /* Project object */ = {
			isa = PBXProject;
			attributes = {
				LastSwiftUpdateCheck = 0720;
				LastUpgradeCheck = 0720;
				ORGANIZATIONNAME = WayZimChu;
				TargetAttributes = {
					818AEED11C7D3A370027BE00 = {
						CreatedOnToolsVersion = 7.2;
						DevelopmentTeam = V8F47DJJM2;
					};
				};
			};
			buildConfigurationList = 818AEECD1C7D3A370027BE00 /* Build configuration list for PBXProject "vector" */;
			compatibilityVersion = "Xcode 3.2";
			developmentRegion = English;
			hasScannedForEncodings = 0;
			knownRegions = (
				en,
				Base,
			);
			mainGroup = 818AEEC91C7D3A370027BE00;
			productRefGroup = 818AEED31C7D3A370027BE00 /* Products */;
			projectDirPath = "";
			projectRoot = "";
			targets = (
				818AEED11C7D3A370027BE00 /* vector */,
			);
		};
/* End PBXProject section */

/* Begin PBXResourcesBuildPhase section */
		818AEED01C7D3A370027BE00 /* Resources */ = {
			isa = PBXResourcesBuildPhase;
			buildActionMask = 2147483647;
			files = (
				818AEEE31C7D3A370027BE00 /* LaunchScreen.storyboard in Resources */,
				818AEEE01C7D3A370027BE00 /* Assets.xcassets in Resources */,
				818AEEDB1C7D3A370027BE00 /* Main.storyboard in Resources */,
			);
			runOnlyForDeploymentPostprocessing = 0;
		};
/* End PBXResourcesBuildPhase section */

/* Begin PBXSourcesBuildPhase section */
		818AEECE1C7D3A370027BE00 /* Sources */ = {
			isa = PBXSourcesBuildPhase;
			buildActionMask = 2147483647;
			files = (
				818AEED81C7D3A370027BE00 /* ViewController.swift in Sources */,
				818AEEDE1C7D3A370027BE00 /* vector.xcdatamodeld in Sources */,
				818AEED61C7D3A370027BE00 /* AppDelegate.swift in Sources */,
			);
			runOnlyForDeploymentPostprocessing = 0;
		};
/* End PBXSourcesBuildPhase section */

/* Begin PBXVariantGroup section */
		818AEED91C7D3A370027BE00 /* Main.storyboard */ = {
			isa = PBXVariantGroup;
			children = (
				818AEEDA1C7D3A370027BE00 /* Base */,
			);
			name = Main.storyboard;
			sourceTree = "<group>";
		};
		818AEEE11C7D3A370027BE00 /* LaunchScreen.storyboard */ = {
			isa = PBXVariantGroup;
			children = (
				818AEEE21C7D3A370027BE00 /* Base */,
			);
			name = LaunchScreen.storyboard;
			sourceTree = "<group>";
		};
/* End PBXVariantGroup section */

/* Begin XCBuildConfiguration section */
		818AEEE51C7D3A370027BE00 /* Debug */ = {
			isa = XCBuildConfiguration;
			buildSettings = {
				ALWAYS_SEARCH_USER_PATHS = NO;
				CLANG_CXX_LANGUAGE_STANDARD = "gnu++0x";
				CLANG_CXX_LIBRARY = "libc++";
				CLANG_ENABLE_MODULES = YES;
				CLANG_ENABLE_OBJC_ARC = YES;
				CLANG_WARN_BOOL_CONVERSION = YES;
				CLANG_WARN_CONSTANT_CONVERSION = YES;
				CLANG_WARN_DIRECT_OBJC_ISA_USAGE = YES_ERROR;
				CLANG_WARN_EMPTY_BODY = YES;
				CLANG_WARN_ENUM_CONVERSION = YES;
				CLANG_WARN_INT_CONVERSION = YES;
				CLANG_WARN_OBJC_ROOT_CLASS = YES_ERROR;
				CLANG_WARN_UNREACHABLE_CODE = YES;
				CLANG_WARN__DUPLICATE_METHOD_MATCH = YES;
				"CODE_SIGN_IDENTITY[sdk=iphoneos*]" = "iPhone Developer";
				COPY_PHASE_STRIP = NO;
				DEBUG_INFORMATION_FORMAT = dwarf;
				ENABLE_STRICT_OBJC_MSGSEND = YES;
				ENABLE_TESTABILITY = YES;
				GCC_C_LANGUAGE_STANDARD = gnu99;
				GCC_DYNAMIC_NO_PIC = NO;
				GCC_NO_COMMON_BLOCKS = YES;
				GCC_OPTIMIZATION_LEVEL = 0;
				GCC_PREPROCESSOR_DEFINITIONS = (
					"DEBUG=1",
					"$(inherited)",
				);
				GCC_WARN_64_TO_32_BIT_CONVERSION = YES;
				GCC_WARN_ABOUT_RETURN_TYPE = YES_ERROR;
				GCC_WARN_UNDECLARED_SELECTOR = YES;
				GCC_WARN_UNINITIALIZED_AUTOS = YES_AGGRESSIVE;
				GCC_WARN_UNUSED_FUNCTION = YES;
				GCC_WARN_UNUSED_VARIABLE = YES;
				IPHONEOS_DEPLOYMENT_TARGET = 9.2;
				MTL_ENABLE_DEBUG_INFO = YES;
				ONLY_ACTIVE_ARCH = YES;
				SDKROOT = iphoneos;
				SWIFT_OPTIMIZATION_LEVEL = "-Onone";
			};
			name = Debug;
		};
		818AEEE61C7D3A370027BE00 /* Release */ = {
			isa = XCBuildConfiguration;
			buildSettings = {
				ALWAYS_SEARCH_USER_PATHS = NO;
				CLANG_CXX_LANGUAGE_STANDARD = "gnu++0x";
				CLANG_CXX_LIBRARY = "libc++";
				CLANG_ENABLE_MODULES = YES;
				CLANG_ENABLE_OBJC_ARC = YES;
				CLANG_WARN_BOOL_CONVERSION = YES;
				CLANG_WARN_CONSTANT_CONVERSION = YES;
				CLANG_WARN_DIRECT_OBJC_ISA_USAGE = YES_ERROR;
				CLANG_WARN_EMPTY_BODY = YES;
				CLANG_WARN_ENUM_CONVERSION = YES;
				CLANG_WARN_INT_CONVERSION = YES;
				CLANG_WARN_OBJC_ROOT_CLASS = YES_ERROR;
				CLANG_WARN_UNREACHABLE_CODE = YES;
				CLANG_WARN__DUPLICATE_METHOD_MATCH = YES;
				"CODE_SIGN_IDENTITY[sdk=iphoneos*]" = "iPhone Developer";
				COPY_PHASE_STRIP = NO;
				DEBUG_INFORMATION_FORMAT = "dwarf-with-dsym";
				ENABLE_NS_ASSERTIONS = NO;
				ENABLE_STRICT_OBJC_MSGSEND = YES;
				GCC_C_LANGUAGE_STANDARD = gnu99;
				GCC_NO_COMMON_BLOCKS = YES;
				GCC_WARN_64_TO_32_BIT_CONVERSION = YES;
				GCC_WARN_ABOUT_RETURN_TYPE = YES_ERROR;
				GCC_WARN_UNDECLARED_SELECTOR = YES;
				GCC_WARN_UNINITIALIZED_AUTOS = YES_AGGRESSIVE;
				GCC_WARN_UNUSED_FUNCTION = YES;
				GCC_WARN_UNUSED_VARIABLE = YES;
				IPHONEOS_DEPLOYMENT_TARGET = 9.2;
				MTL_ENABLE_DEBUG_INFO = NO;
				SDKROOT = iphoneos;
				VALIDATE_PRODUCT = YES;
			};
			name = Release;
		};
		818AEEE81C7D3A370027BE00 /* Debug */ = {
			isa = XCBuildConfiguration;
			buildSettings = {
				ASSETCATALOG_COMPILER_APPICON_NAME = AppIcon;
				INFOPLIST_FILE = vector/Info.plist;
				LD_RUNPATH_SEARCH_PATHS = "$(inherited) @executable_path/Frameworks";
				PRODUCT_BUNDLE_IDENTIFIER = com.wayzimchu.vector;
				PRODUCT_NAME = "$(TARGET_NAME)";
			};
			name = Debug;
		};
		818AEEE91C7D3A370027BE00 /* Release */ = {
			isa = XCBuildConfiguration;
			buildSettings = {
				ASSETCATALOG_COMPILER_APPICON_NAME = AppIcon;
				INFOPLIST_FILE = vector/Info.plist;
				LD_RUNPATH_SEARCH_PATHS = "$(inherited) @executable_path/Frameworks";
				PRODUCT_BUNDLE_IDENTIFIER = com.wayzimchu.vector;
				PRODUCT_NAME = "$(TARGET_NAME)";
			};
			name = Release;
		};
/* End XCBuildConfiguration section */

/* Begin XCConfigurationList section */
		818AEECD1C7D3A370027BE00 /* Build configuration list for PBXProject "vector" */ = {
			isa = XCConfigurationList;
			buildConfigurations = (
				818AEEE51C7D3A370027BE00 /* Debug */,
				818AEEE61C7D3A370027BE00 /* Release */,
			);
			defaultConfigurationIsVisible = 0;
			defaultConfigurationName = Release;
		};
		818AEEE71C7D3A370027BE00 /* Build configuration list for PBXNativeTarget "vector" */ = {
			isa = XCConfigurationList;
			buildConfigurations = (
				818AEEE81C7D3A370027BE00 /* Debug */,
				818AEEE91C7D3A370027BE00 /* Release */,
			);
			defaultConfigurationIsVisible = 0;
		};
/* End XCConfigurationList section */

/* Begin XCVersionGroup section */
		818AEEDC1C7D3A370027BE00 /* vector.xcdatamodeld */ = {
			isa = XCVersionGroup;
			children = (
				818AEEDD1C7D3A370027BE00 /* vector.xcdatamodel */,
			);
			currentVersion = 818AEEDD1C7D3A370027BE00 /* vector.xcdatamodel */;
			path = vector.xcdatamodeld;
			sourceTree = "<group>";
			versionGroupType = wrapper.xcdatamodel;
		};
/* End XCVersionGroup section */
	};
	rootObject = 818AEECA1C7D3A370027BE00 /* Project object */;
}
